github.com/magicx-ai/groq-go v0.1.0-alpha h1:jfTyJmFgAPGDNbe1wjYpv7ywQJjpcRAZWcJ+0pyC1Kk=
github.com/magicx-ai/groq-go v0.1.0-alpha/go.mod h1:3N6lhj6k88Wau/aD0SrbzcqJQnQlZEqXglMaNg7U6rQ=
github.com/pkg/errors v0.9.1 h1:FEBLx1zS214owpjy7qsBeixbURkuhQAwrK5UwLGTwt4=
github.com/pkg/errors v0.9.1/go.mod h1:bwawxfHBFNV+L2hUp1rHADufV3IMtnDRdf1r5NINEl0=
github.com/tmaxmax/go-sse v0.8.0 h1:pPpTgyyi1r7vG2o6icebnpGEh3ebcnBXqDWkb7aTofs=
github.com/tmaxmax/go-sse v0.8.0/go.mod h1:HLoxqxdH+7oSUItjtnpxjzJedfr/+Rrm/dNWBcTxJFM=
